
Microsoft Visual Studio Solution File, Format Version 12.00
# Visual Studio Version 17
VisualStudioVersion = 17.0.31919.166
MinimumVisualStudioVersion = 10.0.40219.1
Project("{FAE04EC0-301F-11D3-BF4B-00C04F79EFBC}") = "NewBlazorProject.Server", "NewBlazorProject\Server\NewBlazorProject.Server.csproj", "{2E60474B-0FD9-4337-A16F-BB6DA51DF0EA}"
EndProject
Project("{FAE04EC0-301F-11D3-BF4B-00C04F79EFBC}") = "NewBlazorProject.Client", "NewBlazorProject\Client\NewBlazorProject.Client.csproj", "{19CD7C3B-9754-4E9F-B014-ECCB26E68554}"
EndProject
Project("{FAE04EC0-301F-11D3-BF4B-00C04F79EFBC}") = "NewBlazorProject.Shared", "NewBlazorProject\Shared\NewBlazorProject.Shared.csproj", "{9751372F-FCB7-4B56-A33B-D50F828D8D90}"
EndProject
Global
	GlobalSection(SolutionConfigurationPlatforms) = preSolution
		Debug|Any CPU = Debug|Any CPU
		Release|Any CPU = Release|Any CPU
	EndGlobalSection
	GlobalSection(ProjectConfigurationPlatforms) = postSolution
		{2E60474B-0FD9-4337-A16F-BB6DA51DF0EA}.Debug|Any CPU.ActiveCfg = Debug|Any CPU
		{2E60474B-0FD9-4337-A16F-BB6DA51DF0EA}.Debug|Any CPU.Build.0 = Debug|Any CPU
		{2E60474B-0FD9-4337-A16F-BB6DA51DF0EA}.Release|Any CPU.ActiveCfg = Release|Any CPU
		{2E60474B-0FD9-4337-A16F-BB6DA51DF0EA}.Release|Any CPU.Build.0 = Release|Any CPU
		{19CD7C3B-9754-4E9F-B014-ECCB26E68554}.Debug|Any CPU.ActiveCfg = Debug|Any CPU
		{19CD7C3B-9754-4E9F-B014-ECCB26E68554}.Debug|Any CPU.Build.0 = Debug|Any CPU
		{19CD7C3B-9754-4E9F-B014-ECCB26E68554}.Release|Any CPU.ActiveCfg = Release|Any CPU
		{19CD7C3B-9754-4E9F-B014-ECCB26E68554}.Release|Any CPU.Build.0 = Release|Any CPU
		{9751372F-FCB7-4B56-A33B-D50F828D8D90}.Debug|Any CPU.ActiveCfg = Debug|Any CPU
		{9751372F-FCB7-4B56-A33B-D50F828D8D90}.Debug|Any CPU.Build.0 = Debug|Any CPU
		{9751372F-FCB7-4B56-A33B-D50F828D8D90}.Release|Any CPU.ActiveCfg = Release|Any CPU
		{9751372F-FCB7-4B56-A33B-D50F828D8D90}.Release|Any CPU.Build.0 = Release|Any CPU
	EndGlobalSection
	GlobalSection(SolutionProperties) = preSolution
		HideSolutionNode = FALSE
	EndGlobalSection
	GlobalSection(ExtensibilityGlobals) = postSolution
		SolutionGuid = {1CCF5B41-E748-4358-9C96-573E60BFC0F9}
	EndGlobalSection
EndGlobal
